{
    "_meta": {
        "hash": {
            "sha256": "06f4d97425567924be1fb9fba0041d1900b72ccb472f2bd94f6d30794f0e5bcd"
        },
        "pipfile-spec": 6,
        "requires": {
            "python_version": "3.6"
        },
        "sources": [
            {
                "name": "pypi",
                "url": "https://pypi.org/simple",
                "verify_ssl": true
            }
        ]
    },
    "default": {
        "django": {
            "hashes": [
                "sha256:acdcc1f61fdb0a0c82a1d3bf1879a414e7732ea894a7632af7f6d66ec7ab5bb3",
                "sha256:efbcad7ebb47daafbcead109b38a5bd519a3c3cd92c6ed0f691ff97fcdd16b45"
            ],
            "index": "pypi",
            "version": "==2.1.2"
        },
        "python-dotenv": {
            "hashes": [
                "sha256:122290a38ece9fe4f162dc7c95cae3357b983505830a154d3c98ef7f6c6cea77",
                "sha256:4a205787bc829233de2a823aa328e44fd9996fedb954989a21f1fc67c13d7a77"
            ],
            "index": "pypi",
            "version": "==0.9.1"
        },
        "pytz": {
            "hashes": [
                "sha256:642253af8eae734d1509fc6ac9c1aee5e5b69d76392660889979b9870610a46b",
                "sha256:91e3ccf2c344ffaa6defba1ce7f38f97026943f675b7703f44789768e4cb0ece"
            ],
            "version": "==2018.6"
        }
    },
    "develop": {}
}
